// !$*UTF8*$!
{
	archiveVersion = 1;
	classes = {
	};
	objectVersion = 46;
	objects = {

/* Begin PBXBuildFile section */
		1DB3AB08194EE05800537E93 /* Foundation.framework in Frameworks */ = {isa = PBXBuildFile; fileRef = 1DB3AB07194EE05800537E93 /* Foundation.framework */; };
		1DB3AB0A194EE05800537E93 /* CoreGraphics.framework in Frameworks */ = {isa = PBXBuildFile; fileRef = 1DB3AB09194EE05800537E93 /* CoreGraphics.framework */; };
		1DB3AB0C194EE05800537E93 /* UIKit.framework in Frameworks */ = {isa = PBXBuildFile; fileRef = 1DB3AB0B194EE05800537E93 /* UIKit.framework */; };
		1DB3AB12194EE05800537E93 /* InfoPlist.strings in Resources */ = {isa = PBXBuildFile; fileRef = 1DB3AB10194EE05800537E93 /* InfoPlist.strings */; };
		1DB3AB14194EE05800537E93 /* main.m in Sources */ = {isa = PBXBuildFile; fileRef = 1DB3AB13194EE05800537E93 /* main.m */; };
		1DB3AB18194EE05800537E93 /* AppDelegate.m in Sources */ = {isa = PBXBuildFile; fileRef = 1DB3AB17194EE05800537E93 /* AppDelegate.m */; };
		1DB3AB1A194EE05800537E93 /* Images.xcassets in Resources */ = {isa = PBXBuildFile; fileRef = 1DB3AB19194EE05800537E93 /* Images.xcassets */; };
		1DB3AB21194EE05900537E93 /* XCTest.framework in Frameworks */ = {isa = PBXBuildFile; fileRef = 1DB3AB20194EE05900537E93 /* XCTest.framework */; };
		1DB3AB22194EE05900537E93 /* Foundation.framework in Frameworks */ = {isa = PBXBuildFile; fileRef = 1DB3AB07194EE05800537E93 /* Foundation.framework */; };
		1DB3AB23194EE05900537E93 /* UIKit.framework in Frameworks */ = {isa = PBXBuildFile; fileRef = 1DB3AB0B194EE05800537E93 /* UIKit.framework */; };
		1DB3AB2B194EE05900537E93 /* InfoPlist.strings in Resources */ = {isa = PBXBuildFile; fileRef = 1DB3AB29194EE05900537E93 /* InfoPlist.strings */; };
		1DB3AB2D194EE05900537E93 /* Semana3Tests.m in Sources */ = {isa = PBXBuildFile; fileRef = 1DB3AB2C194EE05900537E93 /* Semana3Tests.m */; };
		1DB3AB38194EE09900537E93 /* MainViewController.m in Sources */ = {isa = PBXBuildFile; fileRef = 1DB3AB37194EE09900537E93 /* MainViewController.m */; };
		1DB3AB3B194EE0BA00537E93 /* Storyboard.storyboard in Resources */ = {isa = PBXBuildFile; fileRef = 1DB3AB3A194EE0BA00537E93 /* Storyboard.storyboard */; };
		1DB3AB3D194EE1E100537E93 /* View.storyboard in Resources */ = {isa = PBXBuildFile; fileRef = 1DB3AB3C194EE1E100537E93 /* View.storyboard */; };
		1DB3AB41194EE32500537E93 /* ViewsTableViewController.m in Sources */ = {isa = PBXBuildFile; fileRef = 1DB3AB40194EE32500537E93 /* ViewsTableViewController.m */; };
		1DB3AB44194EE33F00537E93 /* DetailsViewsViewController.m in Sources */ = {isa = PBXBuildFile; fileRef = 1DB3AB43194EE33F00537E93 /* DetailsViewsViewController.m */; };
/* End PBXBuildFile section */

/* Begin PBXContainerItemProxy section */
		1DB3AB24194EE05900537E93 /* PBXContainerItemProxy */ = {
			isa = PBXContainerItemProxy;
			containerPortal = 1DB3AAFC194EE05800537E93 /* Project object */;
			proxyType = 1;
			remoteGlobalIDString = 1DB3AB03194EE05800537E93;
			remoteInfo = Semana3;
		};
/* End PBXContainerItemProxy section */

/* Begin PBXFileReference section */
		1DB3AB04194EE05800537E93 /* Semana3.app */ = {isa = PBXFileReference; explicitFileType = wrapper.application; includeInIndex = 0; path = Semana3.app; sourceTree = BUILT_PRODUCTS_DIR; };
		1DB3AB07194EE05800537E93 /* Foundation.framework */ = {isa = PBXFileReference; lastKnownFileType = wrapper.framework; name = Foundation.framework; path = System/Library/Frameworks/Foundation.framework; sourceTree = SDKROOT; };
		1DB3AB09194EE05800537E93 /* CoreGraphics.framework */ = {isa = PBXFileReference; lastKnownFileType = wrapper.framework; name = CoreGraphics.framework; path = System/Library/Frameworks/CoreGraphics.framework; sourceTree = SDKROOT; };
		1DB3AB0B194EE05800537E93 /* UIKit.framework */ = {isa = PBXFileReference; lastKnownFileType = wrapper.framework; name = UIKit.framework; path = System/Library/Frameworks/UIKit.framework; sourceTree = SDKROOT; };
		1DB3AB0F194EE05800537E93 /* Semana3-Info.plist */ = {isa = PBXFileReference; lastKnownFileType = text.plist.xml; path = "Semana3-Info.plist"; sourceTree = "<group>"; };
		1DB3AB11194EE05800537E93 /* en */ = {isa = PBXFileReference; lastKnownFileType = text.plist.strings; name = en; path = en.lproj/InfoPlist.strings; sourceTree = "<group>"; };
		1DB3AB13194EE05800537E93 /* main.m */ = {isa = PBXFileReference; lastKnownFileType = sourcecode.c.objc; path = main.m; sourceTree = "<group>"; };
		1DB3AB15194EE05800537E93 /* Semana3-Prefix.pch */ = {isa = PBXFileReference; lastKnownFileType = sourcecode.c.h; path = "Semana3-Prefix.pch"; sourceTree = "<group>"; };
		1DB3AB16194EE05800537E93 /* AppDelegate.h */ = {isa = PBXFileReference; lastKnownFileType = sourcecode.c.h; path = AppDelegate.h; sourceTree = "<group>"; };
		1DB3AB17194EE05800537E93 /* AppDelegate.m */ = {isa = PBXFileReference; lastKnownFileType = sourcecode.c.objc; path = AppDelegate.m; sourceTree = "<group>"; };
		1DB3AB19194EE05800537E93 /* Images.xcassets */ = {isa = PBXFileReference; lastKnownFileType = folder.assetcatalog; path = Images.xcassets; sourceTree = "<group>"; };
		1DB3AB1F194EE05900537E93 /* Semana3Tests.xctest */ = {isa = PBXFileReference; explicitFileType = wrapper.cfbundle; includeInIndex = 0; path = Semana3Tests.xctest; sourceTree = BUILT_PRODUCTS_DIR; };
		1DB3AB20194EE05900537E93 /* XCTest.framework */ = {isa = PBXFileReference; lastKnownFileType = wrapper.framework; name = XCTest.framework; path = Library/Frameworks/XCTest.framework; sourceTree = DEVELOPER_DIR; };
		1DB3AB28194EE05900537E93 /* Semana3Tests-Info.plist */ = {isa = PBXFileReference; lastKnownFileType = text.plist.xml; path = "Semana3Tests-Info.plist"; sourceTree = "<group>"; };
		1DB3AB2A194EE05900537E93 /* en */ = {isa = PBXFileReference; lastKnownFileType = text.plist.strings; name = en; path = en.lproj/InfoPlist.strings; sourceTree = "<group>"; };
		1DB3AB2C194EE05900537E93 /* Semana3Tests.m */ = {isa = PBXFileReference; lastKnownFileType = sourcecode.c.objc; path = Semana3Tests.m; sourceTree = "<group>"; };
		1DB3AB36194EE09900537E93 /* MainViewController.h */ = {isa = PBXFileReference; fileEncoding = 4; lastKnownFileType = sourcecode.c.h; path = MainViewController.h; sourceTree = "<group>"; };
		1DB3AB37194EE09900537E93 /* MainViewController.m */ = {isa = PBXFileReference; fileEncoding = 4; lastKnownFileType = sourcecode.c.objc; path = MainViewController.m; sourceTree = "<group>"; };
		1DB3AB3A194EE0BA00537E93 /* Storyboard.storyboard */ = {isa = PBXFileReference; fileEncoding = 4; lastKnownFileType = file.storyboard; path = Storyboard.storyboard; sourceTree = "<group>"; };
		1DB3AB3C194EE1E100537E93 /* View.storyboard */ = {isa = PBXFileReference; fileEncoding = 4; lastKnownFileType = file.storyboard; path = View.storyboard; sourceTree = "<group>"; };
		1DB3AB3F194EE32500537E93 /* ViewsTableViewController.h */ = {isa = PBXFileReference; fileEncoding = 4; lastKnownFileType = sourcecode.c.h; path = ViewsTableViewController.h; sourceTree = "<group>"; };
		1DB3AB40194EE32500537E93 /* ViewsTableViewController.m */ = {isa = PBXFileReference; fileEncoding = 4; lastKnownFileType = sourcecode.c.objc; path = ViewsTableViewController.m; sourceTree = "<group>"; };
		1DB3AB42194EE33F00537E93 /* DetailsViewsViewController.h */ = {isa = PBXFileReference; fileEncoding = 4; lastKnownFileType = sourcecode.c.h; path = DetailsViewsViewController.h; sourceTree = "<group>"; };
		1DB3AB43194EE33F00537E93 /* DetailsViewsViewController.m */ = {isa = PBXFileReference; fileEncoding = 4; lastKnownFileType = sourcecode.c.objc; path = DetailsViewsViewController.m; sourceTree = "<group>"; };
/* End PBXFileReference section */

/* Begin PBXFrameworksBuildPhase section */
		1DB3AB01194EE05800537E93 /* Frameworks */ = {
			isa = PBXFrameworksBuildPhase;
			buildActionMask = 2147483647;
			files = (
				1DB3AB0A194EE05800537E93 /* CoreGraphics.framework in Frameworks */,
				1DB3AB0C194EE05800537E93 /* UIKit.framework in Frameworks */,
				1DB3AB08194EE05800537E93 /* Foundation.framework in Frameworks */,
			);
			runOnlyForDeploymentPostprocessing = 0;
		};
		1DB3AB1C194EE05900537E93 /* Frameworks */ = {
			isa = PBXFrameworksBuildPhase;
			buildActionMask = 2147483647;
			files = (
				1DB3AB21194EE05900537E93 /* XCTest.framework in Frameworks */,
				1DB3AB23194EE05900537E93 /* UIKit.framework in Frameworks */,
				1DB3AB22194EE05900537E93 /* Foundation.framework in Frameworks */,
			);
			runOnlyForDeploymentPostprocessing = 0;
		};
/* End PBXFrameworksBuildPhase section */

/* Begin PBXGroup section */
		1DB3AAFB194EE05800537E93 = {
			isa = PBXGroup;
			children = (
				1DB3AB0D194EE05800537E93 /* Semana3 */,
				1DB3AB26194EE05900537E93 /* Semana3Tests */,
				1DB3AB06194EE05800537E93 /* Frameworks */,
				1DB3AB05194EE05800537E93 /* Products */,
			);
			sourceTree = "<group>";
		};
		1DB3AB05194EE05800537E93 /* Products */ = {
			isa = PBXGroup;
			children = (
				1DB3AB04194EE05800537E93 /* Semana3.app */,
				1DB3AB1F194EE05900537E93 /* Semana3Tests.xctest */,
			);
			name = Products;
			sourceTree = "<group>";
		};
		1DB3AB06194EE05800537E93 /* Frameworks */ = {
			isa = PBXGroup;
			children = (
				1DB3AB07194EE05800537E93 /* Foundation.framework */,
				1DB3AB09194EE05800537E93 /* CoreGraphics.framework */,
				1DB3AB0B194EE05800537E93 /* UIKit.framework */,
				1DB3AB20194EE05900537E93 /* XCTest.framework */,
			);
			name = Frameworks;
			sourceTree = "<group>";
		};
		1DB3AB0D194EE05800537E93 /* Semana3 */ = {
			isa = PBXGroup;
			children = (
				1DB3AB0E194EE05800537E93 /* Supporting Files */,
				1DB3AB39194EE09D00537E93 /* Controller */,
				1DB3AB3E194EE1EE00537E93 /* Storyboards */,
			);
			path = Semana3;
			sourceTree = "<group>";
		};
		1DB3AB0E194EE05800537E93 /* Supporting Files */ = {
			isa = PBXGroup;
			children = (
				1DB3AB16194EE05800537E93 /* AppDelegate.h */,
				1DB3AB17194EE05800537E93 /* AppDelegate.m */,
				1DB3AB19194EE05800537E93 /* Images.xcassets */,
				1DB3AB0F194EE05800537E93 /* Semana3-Info.plist */,
				1DB3AB10194EE05800537E93 /* InfoPlist.strings */,
				1DB3AB13194EE05800537E93 /* main.m */,
				1DB3AB15194EE05800537E93 /* Semana3-Prefix.pch */,
			);
			name = "Supporting Files";
			sourceTree = "<group>";
		};
		1DB3AB26194EE05900537E93 /* Semana3Tests */ = {
			isa = PBXGroup;
			children = (
				1DB3AB2C194EE05900537E93 /* Semana3Tests.m */,
				1DB3AB27194EE05900537E93 /* Supporting Files */,
			);
			path = Semana3Tests;
			sourceTree = "<group>";
		};
		1DB3AB27194EE05900537E93 /* Supporting Files */ = {
			isa = PBXGroup;
			children = (
				1DB3AB28194EE05900537E93 /* Semana3Tests-Info.plist */,
				1DB3AB29194EE05900537E93 /* InfoPlist.strings */,
			);
			name = "Supporting Files";
			sourceTree = "<group>";
		};
		1DB3AB39194EE09D00537E93 /* Controller */ = {
			isa = PBXGroup;
			children = (
				1DB3AB36194EE09900537E93 /* MainViewController.h */,
				1DB3AB37194EE09900537E93 /* MainViewController.m */,
				1DB3AB3F194EE32500537E93 /* ViewsTableViewController.h */,
				1DB3AB40194EE32500537E93 /* ViewsTableViewController.m */,
				1DB3AB42194EE33F00537E93 /* DetailsViewsViewController.h */,
				1DB3AB43194EE33F00537E93 /* DetailsViewsViewController.m */,
			);
			name = Controller;
			sourceTree = "<group>";
		};
		1DB3AB3E194EE1EE00537E93 /* Storyboards */ = {
			isa = PBXGroup;
			children = (
				1DB3AB3A194EE0BA00537E93 /* Storyboard.storyboard */,
				1DB3AB3C194EE1E100537E93 /* View.storyboard */,
			);
			name = Storyboards;
			sourceTree = "<group>";
		};
/* End PBXGroup section */

/* Begin PBXNativeTarget section */
		1DB3AB03194EE05800537E93 /* Semana3 */ = {
			isa = PBXNativeTarget;
			buildConfigurationList = 1DB3AB30194EE05900537E93 /* Build configuration list for PBXNativeTarget "Semana3" */;
			buildPhases = (
				1DB3AB00194EE05800537E93 /* Sources */,
				1DB3AB01194EE05800537E93 /* Frameworks */,
				1DB3AB02194EE05800537E93 /* Resources */,
			);
			buildRules = (
			);
			dependencies = (
			);
			name = Semana3;
			productName = Semana3;
			productReference = 1DB3AB04194EE05800537E93 /* Semana3.app */;
			productType = "com.apple.product-type.application";
		};
		1DB3AB1E194EE05900537E93 /* Semana3Tests */ = {
			isa = PBXNativeTarget;
			buildConfigurationList = 1DB3AB33194EE05900537E93 /* Build configuration list for PBXNativeTarget "Semana3Tests" */;
			buildPhases = (
				1DB3AB1B194EE05900537E93 /* Sources */,
				1DB3AB1C194EE05900537E93 /* Frameworks */,
				1DB3AB1D194EE05900537E93 /* Resources */,
			);
			buildRules = (
			);
			dependencies = (
				1DB3AB25194EE05900537E93 /* PBXTargetDependency */,
			);
			name = Semana3Tests;
			productName = Semana3Tests;
			productReference = 1DB3AB1F194EE05900537E93 /* Semana3Tests.xctest */;
			productType = "com.apple.product-type.bundle.unit-test";
		};
/* End PBXNativeTarget section */

/* Begin PBXProject section */
		1DB3AAFC194EE05800537E93 /* Project object */ = {
			isa = PBXProject;
			attributes = {
				LastUpgradeCheck = 0510;
				ORGANIZATIONNAME = IronHack;
				TargetAttributes = {
					1DB3AB1E194EE05900537E93 = {
						TestTargetID = 1DB3AB03194EE05800537E93;
					};
				};
			};
			buildConfigurationList = 1DB3AAFF194EE05800537E93 /* Build configuration list for PBXProject "Semana3" */;
			compatibilityVersion = "Xcode 3.2";
			developmentRegion = English;
			hasScannedForEncodings = 0;
			knownRegions = (
				en,
			);
			mainGroup = 1DB3AAFB194EE05800537E93;
			productRefGroup = 1DB3AB05194EE05800537E93 /* Products */;
			projectDirPath = "";
			projectRoot = "";
			targets = (
				1DB3AB03194EE05800537E93 /* Semana3 */,
				1DB3AB1E194EE05900537E93 /* Semana3Tests */,
			);
		};
/* End PBXProject section */

/* Begin PBXResourcesBuildPhase section */
		1DB3AB02194EE05800537E93 /* Resources */ = {
			isa = PBXResourcesBuildPhase;
			buildActionMask = 2147483647;
			files = (
				1DB3AB12194EE05800537E93 /* InfoPlist.strings in Resources */,
				1DB3AB3D194EE1E100537E93 /* View.storyboard in Resources */,
				1DB3AB1A194EE05800537E93 /* Images.xcassets in Resources */,
				1DB3AB3B194EE0BA00537E93 /* Storyboard.storyboard in Resources */,
			);
			runOnlyForDeploymentPostprocessing = 0;
		};
		1DB3AB1D194EE05900537E93 /* Resources */ = {
			isa = PBXResourcesBuildPhase;
			buildActionMask = 2147483647;
			files = (
				1DB3AB2B194EE05900537E93 /* InfoPlist.strings in Resources */,
			);
			runOnlyForDeploymentPostprocessing = 0;
		};
/* End PBXResourcesBuildPhase section */

/* Begin PBXSourcesBuildPhase section */
		1DB3AB00194EE05800537E93 /* Sources */ = {
			isa = PBXSourcesBuildPhase;
			buildActionMask = 2147483647;
			files = (
				1DB3AB18194EE05800537E93 /* AppDelegate.m in Sources */,
				1DB3AB38194EE09900537E93 /* MainViewController.m in Sources */,
				1DB3AB41194EE32500537E93 /* ViewsTableViewController.m in Sources */,
				1DB3AB14194EE05800537E93 /* main.m in Sources */,
				1DB3AB44194EE33F00537E93 /* DetailsViewsViewController.m in Sources */,
			);
			runOnlyForDeploymentPostprocessing = 0;
		};
		1DB3AB1B194EE05900537E93 /* Sources */ = {
			isa = PBXSourcesBuildPhase;
			buildActionMask = 2147483647;
			files = (
				1DB3AB2D194EE05900537E93 /* Semana3Tests.m in Sources */,
			);
			runOnlyForDeploymentPostprocessing = 0;
		};
/* End PBXSourcesBuildPhase section */

/* Begin PBXTargetDependency section */
		1DB3AB25194EE05900537E93 /* PBXTargetDependency */ = {
			isa = PBXTargetDependency;
			target = 1DB3AB03194EE05800537E93 /* Semana3 */;
			targetProxy = 1DB3AB24194EE05900537E93 /* PBXContainerItemProxy */;
		};
/* End PBXTargetDependency section */

/* Begin PBXVariantGroup section */
		1DB3AB10194EE05800537E93 /* InfoPlist.strings */ = {
			isa = PBXVariantGroup;
			children = (
				1DB3AB11194EE05800537E93 /* en */,
			);
			name = InfoPlist.strings;
			sourceTree = "<group>";
		};
		1DB3AB29194EE05900537E93 /* InfoPlist.strings */ = {
			isa = PBXVariantGroup;
			children = (
				1DB3AB2A194EE05900537E93 /* en */,
			);
			name = InfoPlist.strings;
			sourceTree = "<group>";
		};
/* End PBXVariantGroup section */

/* Begin XCBuildConfiguration section */
		1DB3AB2E194EE05900537E93 /* Debug */ = {
			isa = XCBuildConfiguration;
			buildSettings = {
				ALWAYS_SEARCH_USER_PATHS = NO;
				CLANG_CXX_LANGUAGE_STANDARD = "gnu++0x";
				CLANG_CXX_LIBRARY = "libc++";
				CLANG_ENABLE_MODULES = YES;
				CLANG_ENABLE_OBJC_ARC = YES;
				CLANG_WARN_BOOL_CONVERSION = YES;
				CLANG_WARN_CONSTANT_CONVERSION = YES;
				CLANG_WARN_DIRECT_OBJC_ISA_USAGE = YES_ERROR;
				CLANG_WARN_EMPTY_BODY = YES;
				CLANG_WARN_ENUM_CONVERSION = YES;
				CLANG_WARN_INT_CONVERSION = YES;
				CLANG_WARN_OBJC_ROOT_CLASS = YES_ERROR;
				CLANG_WARN__DUPLICATE_METHOD_MATCH = YES;
				"CODE_SIGN_IDENTITY[sdk=iphoneos*]" = "iPhone Developer";
				COPY_PHASE_STRIP = NO;
				GCC_C_LANGUAGE_STANDARD = gnu99;
				GCC_DYNAMIC_NO_PIC = NO;
				GCC_OPTIMIZATION_LEVEL = 0;
				GCC_PREPROCESSOR_DEFINITIONS = (
					"DEBUG=1",
					"$(inherited)",
				);
				GCC_SYMBOLS_PRIVATE_EXTERN = NO;
				GCC_WARN_64_TO_32_BIT_CONVERSION = YES;
				GCC_WARN_ABOUT_RETURN_TYPE = YES_ERROR;
				GCC_WARN_UNDECLARED_SELECTOR = YES;
				GCC_WARN_UNINITIALIZED_AUTOS = YES_AGGRESSIVE;
				GCC_WARN_UNUSED_FUNCTION = YES;
				GCC_WARN_UNUSED_VARIABLE = YES;
				IPHONEOS_DEPLOYMENT_TARGET = 7.1;
				ONLY_ACTIVE_ARCH = YES;
				SDKROOT = iphoneos;
				TARGETED_DEVICE_FAMILY = 2;
			};
			name = Debug;
		};
		1DB3AB2F194EE05900537E93 /* Release */ = {
			isa = XCBuildConfiguration;
			buildSettings = {
				ALWAYS_SEARCH_USER_PATHS = NO;
				CLANG_CXX_LANGUAGE_STANDARD = "gnu++0x";
				CLANG_CXX_LIBRARY = "libc++";
				CLANG_ENABLE_MODULES = YES;
				CLANG_ENABLE_OBJC_ARC = YES;
				CLANG_WARN_BOOL_CONVERSION = YES;
				CLANG_WARN_CONSTANT_CONVERSION = YES;
				CLANG_WARN_DIRECT_OBJC_ISA_USAGE = YES_ERROR;
				CLANG_WARN_EMPTY_BODY = YES;
				CLANG_WARN_ENUM_CONVERSION = YES;
				CLANG_WARN_INT_CONVERSION = YES;
				CLANG_WARN_OBJC_ROOT_CLASS = YES_ERROR;
				CLANG_WARN__DUPLICATE_METHOD_MATCH = YES;
				"CODE_SIGN_IDENTITY[sdk=iphoneos*]" = "iPhone Developer";
				COPY_PHASE_STRIP = YES;
				ENABLE_NS_ASSERTIONS = NO;
				GCC_C_LANGUAGE_STANDARD = gnu99;
				GCC_WARN_64_TO_32_BIT_CONVERSION = YES;
				GCC_WARN_ABOUT_RETURN_TYPE = YES_ERROR;
				GCC_WARN_UNDECLARED_SELECTOR = YES;
				GCC_WARN_UNINITIALIZED_AUTOS = YES_AGGRESSIVE;
				GCC_WARN_UNUSED_FUNCTION = YES;
				GCC_WARN_UNUSED_VARIABLE = YES;
				IPHONEOS_DEPLOYMENT_TARGET = 7.1;
				SDKROOT = iphoneos;
				TARGETED_DEVICE_FAMILY = 2;
				VALIDATE_PRODUCT = YES;
			};
			name = Release;
		};
		1DB3AB31194EE05900537E93 /* Debug */ = {
			isa = XCBuildConfiguration;
			buildSettings = {
				ASSETCATALOG_COMPILER_APPICON_NAME = AppIcon;
				ASSETCATALOG_COMPILER_LAUNCHIMAGE_NAME = LaunchImage;
				GCC_PRECOMPILE_PREFIX_HEADER = YES;
				GCC_PREFIX_HEADER = "Semana3/Semana3-Prefix.pch";
				INFOPLIST_FILE = "Semana3/Semana3-Info.plist";
				PRODUCT_NAME = "$(TARGET_NAME)";
				TARGETED_DEVICE_FAMILY = 1;
				WRAPPER_EXTENSION = app;
			};
			name = Debug;
		};
		1DB3AB32194EE05900537E93 /* Release */ = {
			isa = XCBuildConfiguration;
			buildSettings = {
				ASSETCATALOG_COMPILER_APPICON_NAME = AppIcon;
				ASSETCATALOG_COMPILER_LAUNCHIMAGE_NAME = LaunchImage;
				GCC_PRECOMPILE_PREFIX_HEADER = YES;
				GCC_PREFIX_HEADER = "Semana3/Semana3-Prefix.pch";
				INFOPLIST_FILE = "Semana3/Semana3-Info.plist";
				PRODUCT_NAME = "$(TARGET_NAME)";
				TARGETED_DEVICE_FAMILY = 1;
				WRAPPER_EXTENSION = app;
			};
			name = Release;
		};
		1DB3AB34194EE05900537E93 /* Debug */ = {
			isa = XCBuildConfiguration;
			buildSettings = {
				BUNDLE_LOADER = "$(BUILT_PRODUCTS_DIR)/Semana3.app/Semana3";
				FRAMEWORK_SEARCH_PATHS = (
					"$(SDKROOT)/Developer/Library/Frameworks",
					"$(inherited)",
					"$(DEVELOPER_FRAMEWORKS_DIR)",
				);
				GCC_PRECOMPILE_PREFIX_HEADER = YES;
				GCC_PREFIX_HEADER = "Semana3/Semana3-Prefix.pch";
				GCC_PREPROCESSOR_DEFINITIONS = (
					"DEBUG=1",
					"$(inherited)",
				);
				INFOPLIST_FILE = "Semana3Tests/Semana3Tests-Info.plist";
				PRODUCT_NAME = "$(TARGET_NAME)";
				TEST_HOST = "$(BUNDLE_LOADER)";
				WRAPPER_EXTENSION = xctest;
			};
			name = Debug;
		};
		1DB3AB35194EE05900537E93 /* Release */ = {
			isa = XCBuildConfiguration;
			buildSettings = {
				BUNDLE_LOADER = "$(BUILT_PRODUCTS_DIR)/Semana3.app/Semana3";
				FRAMEWORK_SEARCH_PATHS = (
					"$(SDKROOT)/Developer/Library/Frameworks",
					"$(inherited)",
					"$(DEVELOPER_FRAMEWORKS_DIR)",
				);
				GCC_PRECOMPILE_PREFIX_HEADER = YES;
				GCC_PREFIX_HEADER = "Semana3/Semana3-Prefix.pch";
				INFOPLIST_FILE = "Semana3Tests/Semana3Tests-Info.plist";
				PRODUCT_NAME = "$(TARGET_NAME)";
				TEST_HOST = "$(BUNDLE_LOADER)";
				WRAPPER_EXTENSION = xctest;
			};
			name = Release;
		};
/* End XCBuildConfiguration section */

/* Begin XCConfigurationList section */
		1DB3AAFF194EE05800537E93 /* Build configuration list for PBXProject "Semana3" */ = {
			isa = XCConfigurationList;
			buildConfigurations = (
				1DB3AB2E194EE05900537E93 /* Debug */,
				1DB3AB2F194EE05900537E93 /* Release */,
			);
			defaultConfigurationIsVisible = 0;
			defaultConfigurationName = Release;
		};
		1DB3AB30194EE05900537E93 /* Build configuration list for PBXNativeTarget "Semana3" */ = {
			isa = XCConfigurationList;
			buildConfigurations = (
				1DB3AB31194EE05900537E93 /* Debug */,
				1DB3AB32194EE05900537E93 /* Release */,
			);
			defaultConfigurationIsVisible = 0;
		};
		1DB3AB33194EE05900537E93 /* Build configuration list for PBXNativeTarget "Semana3Tests" */ = {
			isa = XCConfigurationList;
			buildConfigurations = (
				1DB3AB34194EE05900537E93 /* Debug */,
				1DB3AB35194EE05900537E93 /* Release */,
			);
			defaultConfigurationIsVisible = 0;
		};
/* End XCConfigurationList section */
	};
	rootObject = 1DB3AAFC194EE05800537E93 /* Project object */;
}
